
Microsoft Visual Studio Solution File, Format Version 12.00
# Visual Studio 15
VisualStudioVersion = 15.0.28307.757
MinimumVisualStudioVersion = 10.0.40219.1
Project("{FAE04EC0-301F-11D3-BF4B-00C04F79EFBC}") = "MVC_CRUD_Migraciones_Automatica_WebAPI", "MVC_CRUD_Migraciones_Automatica_WebAPI\MVC_CRUD_Migraciones_Automatica_WebAPI.csproj", "{8F07F33C-8325-451B-B742-BDD8B5FBEFF5}"
EndProject
Project("{FAE04EC0-301F-11D3-BF4B-00C04F79EFBC}") = "MVC_CRUD_Migraciones_Automatica_WebAPI.Tests", "MVC_CRUD_Migraciones_Automatica_WebAP.Tests\MVC_CRUD_Migraciones_Automatica_WebAPI.Tests.csproj", "{CEA6A818-1A6E-4DB2-9EF4-EA115B985E60}"
EndProject
Global
	GlobalSection(SolutionConfigurationPlatforms) = preSolution
		Debug|Any CPU = Debug|Any CPU
		Release|Any CPU = Release|Any CPU
	EndGlobalSection
	GlobalSection(ProjectConfigurationPlatforms) = postSolution
		{8F07F33C-8325-451B-B742-BDD8B5FBEFF5}.Debug|Any CPU.ActiveCfg = Debug|Any CPU
		{8F07F33C-8325-451B-B742-BDD8B5FBEFF5}.Debug|Any CPU.Build.0 = Debug|Any CPU
		{8F07F33C-8325-451B-B742-BDD8B5FBEFF5}.Release|Any CPU.ActiveCfg = Release|Any CPU
		{8F07F33C-8325-451B-B742-BDD8B5FBEFF5}.Release|Any CPU.Build.0 = Release|Any CPU
		{CEA6A818-1A6E-4DB2-9EF4-EA115B985E60}.Debug|Any CPU.ActiveCfg = Debug|Any CPU
		{CEA6A818-1A6E-4DB2-9EF4-EA115B985E60}.Debug|Any CPU.Build.0 = Debug|Any CPU
		{CEA6A818-1A6E-4DB2-9EF4-EA115B985E60}.Release|Any CPU.ActiveCfg = Release|Any CPU
		{CEA6A818-1A6E-4DB2-9EF4-EA115B985E60}.Release|Any CPU.Build.0 = Release|Any CPU
	EndGlobalSection
	GlobalSection(SolutionProperties) = preSolution
		HideSolutionNode = FALSE
	EndGlobalSection
	GlobalSection(ExtensibilityGlobals) = postSolution
		SolutionGuid = {8CB1FBB2-3593-4CA7-8674-BF36570554C5}
	EndGlobalSection
EndGlobal
